{
  "version": 4,
  "terraform_version": "0.12.3",
  "serial": 6,
  "lineage": "2b5a14f9-9837-ca4a-b874-9b043ecf5980",
  "outputs": {},
  "resources": [
    {
      "mode": "managed",
      "type": "azurerm_network_security_group",
      "name": "deploy",
      "provider": "provider.azurerm",
      "instances": [
        {
          "schema_version": 0,
          "attributes": {
            "id": "/subscriptions/207821c7-ffec-479b-9048-2eab2ec0b19d/resourceGroups/first-rg/providers/Microsoft.Network/networkSecurityGroups/NSG1",
            "location": "westus",
            "name": "NSG1",
            "resource_group_name": "first-rg",
            "security_rule": [
              {
                "access": "Allow",
                "description": "",
                "destination_address_prefix": "*",
                "destination_address_prefixes": [],
                "destination_application_security_group_ids": [],
                "destination_port_range": "",
                "destination_port_ranges": [
                  "443",
                  "80"
                ],
                "direction": "Inbound",
                "name": "Rule1",
                "priority": 100,
                "protocol": "Tcp",
                "source_address_prefix": "*",
                "source_address_prefixes": [],
                "source_application_security_group_ids": [],
                "source_port_range": "*",
                "source_port_ranges": []
              }
            ],
            "tags": {}
          },
          "private": "bnVsbA==",
          "depends_on": [
            "azurerm_resource_group.deploy"
          ]
        }
      ]
    },
    {
      "mode": "managed",
      "type": "azurerm_resource_group",
      "name": "deploy",
      "provider": "provider.azurerm",
      "instances": [
        {
          "schema_version": 0,
          "attributes": {
            "id": "/subscriptions/207821c7-ffec-479b-9048-2eab2ec0b19d/resourceGroups/first-rg",
            "location": "westus",
            "name": "first-rg",
            "tags": {}
          },
          "private": "bnVsbA=="
        }
      ]
    },
    {
      "mode": "managed",
      "type": "azurerm_subnet",
      "name": "deploy",
      "provider": "provider.azurerm",
      "instances": [
        {
          "schema_version": 0,
          "attributes": {
            "address_prefix": "10.0.1.0/24",
            "delegation": [],
            "id": "/subscriptions/207821c7-ffec-479b-9048-2eab2ec0b19d/resourceGroups/first-rg/providers/Microsoft.Network/virtualNetworks/first-vnet/subnets/subnet1",
            "ip_configurations": [],
            "name": "subnet1",
            "network_security_group_id": "/subscriptions/207821c7-ffec-479b-9048-2eab2ec0b19d/resourceGroups/first-rg/providers/Microsoft.Network/networkSecurityGroups/NSG1",
            "resource_group_name": "first-rg",
            "route_table_id": "",
            "service_endpoints": null,
            "virtual_network_name": "first-vnet"
          },
          "private": "bnVsbA==",
          "depends_on": [
            "azurerm_network_security_group.deploy",
            "azurerm_resource_group.deploy",
            "azurerm_virtual_network.deploy"
          ]
        }
      ]
    },
    {
      "mode": "managed",
      "type": "azurerm_subnet_network_security_group_association",
      "name": "deploy",
      "provider": "provider.azurerm",
      "instances": [
        {
          "schema_version": 0,
          "attributes": {
            "id": "/subscriptions/207821c7-ffec-479b-9048-2eab2ec0b19d/resourceGroups/first-rg/providers/Microsoft.Network/virtualNetworks/first-vnet/subnets/subnet1",
            "network_security_group_id": "/subscriptions/207821c7-ffec-479b-9048-2eab2ec0b19d/resourceGroups/first-rg/providers/Microsoft.Network/networkSecurityGroups/NSG1",
            "subnet_id": "/subscriptions/207821c7-ffec-479b-9048-2eab2ec0b19d/resourceGroups/first-rg/providers/Microsoft.Network/virtualNetworks/first-vnet/subnets/subnet1"
          },
          "private": "bnVsbA==",
          "depends_on": [
            "azurerm_network_security_group.deploy",
            "azurerm_subnet.deploy"
          ]
        }
      ]
    },
    {
      "mode": "managed",
      "type": "azurerm_virtual_network",
      "name": "deploy",
      "provider": "provider.azurerm",
      "instances": [
        {
          "schema_version": 0,
          "attributes": {
            "address_space": [
              "10.0.0.0/16"
            ],
            "ddos_protection_plan": [],
            "dns_servers": null,
            "id": "/subscriptions/207821c7-ffec-479b-9048-2eab2ec0b19d/resourceGroups/first-rg/providers/Microsoft.Network/virtualNetworks/first-vnet",
            "location": "westus",
            "name": "first-vnet",
            "resource_group_name": "first-rg",
            "subnet": [],
            "tags": {}
          },
          "private": "bnVsbA==",
          "depends_on": [
            "azurerm_resource_group.deploy"
          ]
        }
      ]
    }
  ]
}
